// !$*UTF8*$!
{
	archiveVersion = 1;
	classes = {
	};
	objectVersion = 46;
	objects = {

/* Begin PBXBuildFile section */
		38C16E501E65528100188373 /* XMainViewController.swift in Sources */ = {isa = PBXBuildFile; fileRef = 38C16E4F1E65528100188373 /* XMainViewController.swift */; };
		38C16E521E6558B900188373 /* UIColors.swift in Sources */ = {isa = PBXBuildFile; fileRef = 38C16E511E6558B900188373 /* UIColors.swift */; };
		A31B94803EEF68608C6E7125 /* Pods_Challenge_Accepted_GitHubTests.framework in Frameworks */ = {isa = PBXBuildFile; fileRef = 648F8C981EBC2F0D3FAB2738 /* Pods_Challenge_Accepted_GitHubTests.framework */; };
		CAD455E4168D0A3848B1578A /* Pods_Challenge_Accepted_GitHubUITests.framework in Frameworks */ = {isa = PBXBuildFile; fileRef = 34C2855CA2D0916307219879 /* Pods_Challenge_Accepted_GitHubUITests.framework */; };
		CDCF6A714989800F0FBF7575 /* Pods_Challenge_Accepted_GitHub.framework in Frameworks */ = {isa = PBXBuildFile; fileRef = 38BFAD6324D031190CAA56CE /* Pods_Challenge_Accepted_GitHub.framework */; };
		D26E69F41E62BEB500E39A92 /* SearchRepositoriesViewController.swift in Sources */ = {isa = PBXBuildFile; fileRef = D26E69F31E62BEB500E39A92 /* SearchRepositoriesViewController.swift */; };
		D26E6A021E6347A500E39A92 /* UserTableViewCell.swift in Sources */ = {isa = PBXBuildFile; fileRef = D26E6A011E6347A500E39A92 /* UserTableViewCell.swift */; };
		D26E6A041E6347E800E39A92 /* RepositoryTableViewCell.swift in Sources */ = {isa = PBXBuildFile; fileRef = D26E6A031E6347E800E39A92 /* RepositoryTableViewCell.swift */; };
		D27550F91E6593BA00BFAB00 /* NotificationAlertAction.m in Sources */ = {isa = PBXBuildFile; fileRef = D27550F81E6593BA00BFAB00 /* NotificationAlertAction.m */; };
		D2889B121E5FC73700570945 /* AppDelegate.swift in Sources */ = {isa = PBXBuildFile; fileRef = D2889B111E5FC73700570945 /* AppDelegate.swift */; };
		D2889B171E5FC73700570945 /* Main.storyboard in Resources */ = {isa = PBXBuildFile; fileRef = D2889B151E5FC73700570945 /* Main.storyboard */; };
		D2889B191E5FC73700570945 /* Assets.xcassets in Resources */ = {isa = PBXBuildFile; fileRef = D2889B181E5FC73700570945 /* Assets.xcassets */; };
		D2889B1C1E5FC73700570945 /* LaunchScreen.storyboard in Resources */ = {isa = PBXBuildFile; fileRef = D2889B1A1E5FC73700570945 /* LaunchScreen.storyboard */; };
		D2889B271E5FC73800570945 /* Challenge_Accepted_GitHubTests.swift in Sources */ = {isa = PBXBuildFile; fileRef = D2889B261E5FC73800570945 /* Challenge_Accepted_GitHubTests.swift */; };
		D2889B321E5FC73800570945 /* Challenge_Accepted_GitHubUITests.swift in Sources */ = {isa = PBXBuildFile; fileRef = D2889B311E5FC73800570945 /* Challenge_Accepted_GitHubUITests.swift */; };
		D2A0694E1E653D2F002DDAB9 /* User.swift in Sources */ = {isa = PBXBuildFile; fileRef = D2A0694D1E653D2F002DDAB9 /* User.swift */; };
		D2A069501E6547A1002DDAB9 /* Repository.swift in Sources */ = {isa = PBXBuildFile; fileRef = D2A0694F1E6547A1002DDAB9 /* Repository.swift */; };
		D2C68B891E62B28F00AFCD6F /* UserRequest.swift in Sources */ = {isa = PBXBuildFile; fileRef = D2C68B881E62B28F00AFCD6F /* UserRequest.swift */; };
		D2C68B8B1E62B2BD00AFCD6F /* RepositoryRequest.swift in Sources */ = {isa = PBXBuildFile; fileRef = D2C68B8A1E62B2BD00AFCD6F /* RepositoryRequest.swift */; };
		D2D7228C1E6124FC00C1F208 /* UserTableViewCell.xib in Resources */ = {isa = PBXBuildFile; fileRef = D2D7228B1E6124FC00C1F208 /* UserTableViewCell.xib */; };
		D2D7228E1E61268700C1F208 /* RepositoryTableViewCell.xib in Resources */ = {isa = PBXBuildFile; fileRef = D2D7228D1E61268700C1F208 /* RepositoryTableViewCell.xib */; };
		D2D722901E61FA2800C1F208 /* SearchUsersViewController.swift in Sources */ = {isa = PBXBuildFile; fileRef = D2D7228F1E61FA2800C1F208 /* SearchUsersViewController.swift */; };
/* End PBXBuildFile section */

/* Begin PBXContainerItemProxy section */
		D2889B231E5FC73800570945 /* PBXContainerItemProxy */ = {
			isa = PBXContainerItemProxy;
			containerPortal = D2889B061E5FC73700570945 /* Project object */;
			proxyType = 1;
			remoteGlobalIDString = D2889B0D1E5FC73700570945;
			remoteInfo = Challenge_Accepted_GitHub;
		};
		D2889B2E1E5FC73800570945 /* PBXContainerItemProxy */ = {
			isa = PBXContainerItemProxy;
			containerPortal = D2889B061E5FC73700570945 /* Project object */;
			proxyType = 1;
			remoteGlobalIDString = D2889B0D1E5FC73700570945;
			remoteInfo = Challenge_Accepted_GitHub;
		};
/* End PBXContainerItemProxy section */

/* Begin PBXFileReference section */
		2434CC076814854EDD925C67 /* Pods-Challenge_Accepted_GitHubTests.debug.xcconfig */ = {isa = PBXFileReference; includeInIndex = 1; lastKnownFileType = text.xcconfig; name = "Pods-Challenge_Accepted_GitHubTests.debug.xcconfig"; path = "Pods/Target Support Files/Pods-Challenge_Accepted_GitHubTests/Pods-Challenge_Accepted_GitHubTests.debug.xcconfig"; sourceTree = "<group>"; };
		34C2855CA2D0916307219879 /* Pods_Challenge_Accepted_GitHubUITests.framework */ = {isa = PBXFileReference; explicitFileType = wrapper.framework; includeInIndex = 0; path = Pods_Challenge_Accepted_GitHubUITests.framework; sourceTree = BUILT_PRODUCTS_DIR; };
		38BFAD6324D031190CAA56CE /* Pods_Challenge_Accepted_GitHub.framework */ = {isa = PBXFileReference; explicitFileType = wrapper.framework; includeInIndex = 0; path = Pods_Challenge_Accepted_GitHub.framework; sourceTree = BUILT_PRODUCTS_DIR; };
		38C16E4F1E65528100188373 /* XMainViewController.swift */ = {isa = PBXFileReference; fileEncoding = 4; lastKnownFileType = sourcecode.swift; name = XMainViewController.swift; path = Challenge_Accepted_GitHub/Source/Controller/XMainViewController.swift; sourceTree = SOURCE_ROOT; };
		38C16E511E6558B900188373 /* UIColors.swift */ = {isa = PBXFileReference; fileEncoding = 4; lastKnownFileType = sourcecode.swift; path = UIColors.swift; sourceTree = "<group>"; };
		3D4DB70EC273357CC132AD9D /* Pods-Challenge_Accepted_GitHub.release.xcconfig */ = {isa = PBXFileReference; includeInIndex = 1; lastKnownFileType = text.xcconfig; name = "Pods-Challenge_Accepted_GitHub.release.xcconfig"; path = "Pods/Target Support Files/Pods-Challenge_Accepted_GitHub/Pods-Challenge_Accepted_GitHub.release.xcconfig"; sourceTree = "<group>"; };
		648F8C981EBC2F0D3FAB2738 /* Pods_Challenge_Accepted_GitHubTests.framework */ = {isa = PBXFileReference; explicitFileType = wrapper.framework; includeInIndex = 0; path = Pods_Challenge_Accepted_GitHubTests.framework; sourceTree = BUILT_PRODUCTS_DIR; };
		6F34AD560710FC42F2D7EDC0 /* Pods-Challenge_Accepted_GitHubUITests.debug.xcconfig */ = {isa = PBXFileReference; includeInIndex = 1; lastKnownFileType = text.xcconfig; name = "Pods-Challenge_Accepted_GitHubUITests.debug.xcconfig"; path = "Pods/Target Support Files/Pods-Challenge_Accepted_GitHubUITests/Pods-Challenge_Accepted_GitHubUITests.debug.xcconfig"; sourceTree = "<group>"; };
		91C16322FD27E218BF64F84D /* Pods-Challenge_Accepted_GitHubTests.release.xcconfig */ = {isa = PBXFileReference; includeInIndex = 1; lastKnownFileType = text.xcconfig; name = "Pods-Challenge_Accepted_GitHubTests.release.xcconfig"; path = "Pods/Target Support Files/Pods-Challenge_Accepted_GitHubTests/Pods-Challenge_Accepted_GitHubTests.release.xcconfig"; sourceTree = "<group>"; };
		D26E69F31E62BEB500E39A92 /* SearchRepositoriesViewController.swift */ = {isa = PBXFileReference; fileEncoding = 4; lastKnownFileType = sourcecode.swift; name = SearchRepositoriesViewController.swift; path = Challenge_Accepted_GitHub/Source/Controller/SearchRepositoriesViewController.swift; sourceTree = SOURCE_ROOT; };
		D26E69F71E63423300E39A92 /* Challenge_Accepted_GitHub-Bridging-Header.h */ = {isa = PBXFileReference; lastKnownFileType = sourcecode.c.h; name = "Challenge_Accepted_GitHub-Bridging-Header.h"; path = "Source/Infrastructure/Challenge_Accepted_GitHub-Bridging-Header.h"; sourceTree = "<group>"; };
		D26E6A011E6347A500E39A92 /* UserTableViewCell.swift */ = {isa = PBXFileReference; fileEncoding = 4; lastKnownFileType = sourcecode.swift; name = UserTableViewCell.swift; path = Challenge_Accepted_GitHub/Source/View/UserTableViewCell.swift; sourceTree = SOURCE_ROOT; };
		D26E6A031E6347E800E39A92 /* RepositoryTableViewCell.swift */ = {isa = PBXFileReference; fileEncoding = 4; lastKnownFileType = sourcecode.swift; name = RepositoryTableViewCell.swift; path = Challenge_Accepted_GitHub/Source/View/RepositoryTableViewCell.swift; sourceTree = SOURCE_ROOT; };
		D27550F71E6593BA00BFAB00 /* NotificationAlertAction.h */ = {isa = PBXFileReference; fileEncoding = 4; lastKnownFileType = sourcecode.c.h; path = NotificationAlertAction.h; sourceTree = "<group>"; };
		D27550F81E6593BA00BFAB00 /* NotificationAlertAction.m */ = {isa = PBXFileReference; fileEncoding = 4; lastKnownFileType = sourcecode.c.objc; path = NotificationAlertAction.m; sourceTree = "<group>"; };
		D2889B0E1E5FC73700570945 /* Challenge_Accepted_GitHub.app */ = {isa = PBXFileReference; explicitFileType = wrapper.application; includeInIndex = 0; path = Challenge_Accepted_GitHub.app; sourceTree = BUILT_PRODUCTS_DIR; };
		D2889B111E5FC73700570945 /* AppDelegate.swift */ = {isa = PBXFileReference; lastKnownFileType = sourcecode.swift; path = AppDelegate.swift; sourceTree = "<group>"; };
		D2889B161E5FC73700570945 /* Base */ = {isa = PBXFileReference; lastKnownFileType = file.storyboard; name = Base; path = Base.lproj/Main.storyboard; sourceTree = "<group>"; };
		D2889B181E5FC73700570945 /* Assets.xcassets */ = {isa = PBXFileReference; lastKnownFileType = folder.assetcatalog; name = Assets.xcassets; path = Resource/Assets.xcassets; sourceTree = "<group>"; };
		D2889B1B1E5FC73700570945 /* Base */ = {isa = PBXFileReference; lastKnownFileType = file.storyboard; name = Base; path = Base.lproj/LaunchScreen.storyboard; sourceTree = "<group>"; };
		D2889B1D1E5FC73700570945 /* Info.plist */ = {isa = PBXFileReference; lastKnownFileType = text.plist.xml; path = Info.plist; sourceTree = "<group>"; };
		D2889B221E5FC73800570945 /* Challenge_Accepted_GitHubTests.xctest */ = {isa = PBXFileReference; explicitFileType = wrapper.cfbundle; includeInIndex = 0; path = Challenge_Accepted_GitHubTests.xctest; sourceTree = BUILT_PRODUCTS_DIR; };
		D2889B261E5FC73800570945 /* Challenge_Accepted_GitHubTests.swift */ = {isa = PBXFileReference; lastKnownFileType = sourcecode.swift; path = Challenge_Accepted_GitHubTests.swift; sourceTree = "<group>"; };
		D2889B281E5FC73800570945 /* Info.plist */ = {isa = PBXFileReference; lastKnownFileType = text.plist.xml; path = Info.plist; sourceTree = "<group>"; };
		D2889B2D1E5FC73800570945 /* Challenge_Accepted_GitHubUITests.xctest */ = {isa = PBXFileReference; explicitFileType = wrapper.cfbundle; includeInIndex = 0; path = Challenge_Accepted_GitHubUITests.xctest; sourceTree = BUILT_PRODUCTS_DIR; };
		D2889B311E5FC73800570945 /* Challenge_Accepted_GitHubUITests.swift */ = {isa = PBXFileReference; lastKnownFileType = sourcecode.swift; path = Challenge_Accepted_GitHubUITests.swift; sourceTree = "<group>"; };
		D2889B331E5FC73800570945 /* Info.plist */ = {isa = PBXFileReference; lastKnownFileType = text.plist.xml; path = Info.plist; sourceTree = "<group>"; };
		D2A0694D1E653D2F002DDAB9 /* User.swift */ = {isa = PBXFileReference; fileEncoding = 4; lastKnownFileType = sourcecode.swift; name = User.swift; path = Challenge_Accepted_GitHub/Source/Model/User.swift; sourceTree = SOURCE_ROOT; };
		D2A0694F1E6547A1002DDAB9 /* Repository.swift */ = {isa = PBXFileReference; fileEncoding = 4; lastKnownFileType = sourcecode.swift; name = Repository.swift; path = Challenge_Accepted_GitHub/Source/Model/Repository.swift; sourceTree = SOURCE_ROOT; };
		D2C68B881E62B28F00AFCD6F /* UserRequest.swift */ = {isa = PBXFileReference; fileEncoding = 4; lastKnownFileType = sourcecode.swift; name = UserRequest.swift; path = Challenge_Accepted_GitHub/Source/Provider/Networking/UserRequest.swift; sourceTree = SOURCE_ROOT; };
		D2C68B8A1E62B2BD00AFCD6F /* RepositoryRequest.swift */ = {isa = PBXFileReference; fileEncoding = 4; lastKnownFileType = sourcecode.swift; name = RepositoryRequest.swift; path = Challenge_Accepted_GitHub/Source/Provider/Networking/RepositoryRequest.swift; sourceTree = SOURCE_ROOT; };
		D2D7228B1E6124FC00C1F208 /* UserTableViewCell.xib */ = {isa = PBXFileReference; fileEncoding = 4; lastKnownFileType = file.xib; name = UserTableViewCell.xib; path = ../View/UserTableViewCell.xib; sourceTree = "<group>"; };
		D2D7228D1E61268700C1F208 /* RepositoryTableViewCell.xib */ = {isa = PBXFileReference; fileEncoding = 4; lastKnownFileType = file.xib; name = RepositoryTableViewCell.xib; path = ../View/RepositoryTableViewCell.xib; sourceTree = "<group>"; };
		D2D7228F1E61FA2800C1F208 /* SearchUsersViewController.swift */ = {isa = PBXFileReference; fileEncoding = 4; lastKnownFileType = sourcecode.swift; name = SearchUsersViewController.swift; path = Challenge_Accepted_GitHub/Source/Controller/SearchUsersViewController.swift; sourceTree = SOURCE_ROOT; };
		D5BDEEA1F0C3B7ECACD50CB1 /* Pods-Challenge_Accepted_GitHub.debug.xcconfig */ = {isa = PBXFileReference; includeInIndex = 1; lastKnownFileType = text.xcconfig; name = "Pods-Challenge_Accepted_GitHub.debug.xcconfig"; path = "Pods/Target Support Files/Pods-Challenge_Accepted_GitHub/Pods-Challenge_Accepted_GitHub.debug.xcconfig"; sourceTree = "<group>"; };
		DA80C051927143EAB4E87081 /* Pods-Challenge_Accepted_GitHubUITests.release.xcconfig */ = {isa = PBXFileReference; includeInIndex = 1; lastKnownFileType = text.xcconfig; name = "Pods-Challenge_Accepted_GitHubUITests.release.xcconfig"; path = "Pods/Target Support Files/Pods-Challenge_Accepted_GitHubUITests/Pods-Challenge_Accepted_GitHubUITests.release.xcconfig"; sourceTree = "<group>"; };
/* End PBXFileReference section */

/* Begin PBXFrameworksBuildPhase section */
		D2889B0B1E5FC73700570945 /* Frameworks */ = {
			isa = PBXFrameworksBuildPhase;
			buildActionMask = 2147483647;
			files = (
				CDCF6A714989800F0FBF7575 /* Pods_Challenge_Accepted_GitHub.framework in Frameworks */,
			);
			runOnlyForDeploymentPostprocessing = 0;
		};
		D2889B1F1E5FC73800570945 /* Frameworks */ = {
			isa = PBXFrameworksBuildPhase;
			buildActionMask = 2147483647;
			files = (
				A31B94803EEF68608C6E7125 /* Pods_Challenge_Accepted_GitHubTests.framework in Frameworks */,
			);
			runOnlyForDeploymentPostprocessing = 0;
		};
		D2889B2A1E5FC73800570945 /* Frameworks */ = {
			isa = PBXFrameworksBuildPhase;
			buildActionMask = 2147483647;
			files = (
				CAD455E4168D0A3848B1578A /* Pods_Challenge_Accepted_GitHubUITests.framework in Frameworks */,
			);
			runOnlyForDeploymentPostprocessing = 0;
		};
/* End PBXFrameworksBuildPhase section */

/* Begin PBXGroup section */
		A023C5A1EBB4946F3DF5E832 /* Pods */ = {
			isa = PBXGroup;
			children = (
				D5BDEEA1F0C3B7ECACD50CB1 /* Pods-Challenge_Accepted_GitHub.debug.xcconfig */,
				3D4DB70EC273357CC132AD9D /* Pods-Challenge_Accepted_GitHub.release.xcconfig */,
				2434CC076814854EDD925C67 /* Pods-Challenge_Accepted_GitHubTests.debug.xcconfig */,
				91C16322FD27E218BF64F84D /* Pods-Challenge_Accepted_GitHubTests.release.xcconfig */,
				6F34AD560710FC42F2D7EDC0 /* Pods-Challenge_Accepted_GitHubUITests.debug.xcconfig */,
				DA80C051927143EAB4E87081 /* Pods-Challenge_Accepted_GitHubUITests.release.xcconfig */,
			);
			name = Pods;
			sourceTree = "<group>";
		};
		BC2909BC6E318AE2486ED252 /* Frameworks */ = {
			isa = PBXGroup;
			children = (
				38BFAD6324D031190CAA56CE /* Pods_Challenge_Accepted_GitHub.framework */,
				648F8C981EBC2F0D3FAB2738 /* Pods_Challenge_Accepted_GitHubTests.framework */,
				34C2855CA2D0916307219879 /* Pods_Challenge_Accepted_GitHubUITests.framework */,
			);
			name = Frameworks;
			sourceTree = "<group>";
		};
		D2889B051E5FC73700570945 = {
			isa = PBXGroup;
			children = (
				D2889B101E5FC73700570945 /* Challenge_Accepted_GitHub */,
				D2889B251E5FC73800570945 /* Challenge_Accepted_GitHubTests */,
				D2889B301E5FC73800570945 /* Challenge_Accepted_GitHubUITests */,
				D2889B0F1E5FC73700570945 /* Products */,
				A023C5A1EBB4946F3DF5E832 /* Pods */,
				BC2909BC6E318AE2486ED252 /* Frameworks */,
			);
			sourceTree = "<group>";
		};
		D2889B0F1E5FC73700570945 /* Products */ = {
			isa = PBXGroup;
			children = (
				D2889B0E1E5FC73700570945 /* Challenge_Accepted_GitHub.app */,
				D2889B221E5FC73800570945 /* Challenge_Accepted_GitHubTests.xctest */,
				D2889B2D1E5FC73800570945 /* Challenge_Accepted_GitHubUITests.xctest */,
			);
			name = Products;
			sourceTree = "<group>";
		};
		D2889B101E5FC73700570945 /* Challenge_Accepted_GitHub */ = {
			isa = PBXGroup;
			children = (
				D2889B3F1E5FD2D200570945 /* Source */,
				D2889B431E5FD3AC00570945 /* Resource */,
				D2889B451E5FD4AB00570945 /* SupportingFiles */,
			);
			path = Challenge_Accepted_GitHub;
			sourceTree = "<group>";
		};
		D2889B251E5FC73800570945 /* Challenge_Accepted_GitHubTests */ = {
			isa = PBXGroup;
			children = (
				D2889B261E5FC73800570945 /* Challenge_Accepted_GitHubTests.swift */,
				D2889B281E5FC73800570945 /* Info.plist */,
			);
			path = Challenge_Accepted_GitHubTests;
			sourceTree = "<group>";
		};
		D2889B301E5FC73800570945 /* Challenge_Accepted_GitHubUITests */ = {
			isa = PBXGroup;
			children = (
				D2889B311E5FC73800570945 /* Challenge_Accepted_GitHubUITests.swift */,
				D2889B331E5FC73800570945 /* Info.plist */,
			);
			path = Challenge_Accepted_GitHubUITests;
			sourceTree = "<group>";
		};
		D2889B3F1E5FD2D200570945 /* Source */ = {
			isa = PBXGroup;
			children = (
				D2889B401E5FD30000570945 /* Model */,
				D2889B411E5FD30B00570945 /* View */,
				D2889B421E5FD32B00570945 /* Controller */,
				D2889B461E5FD52600570945 /* Provider */,
				D2889B481E5FD81C00570945 /* Infrastructure */,
			);
			name = Source;
			path = Source/Infrastructure;
			sourceTree = "<group>";
		};
		D2889B401E5FD30000570945 /* Model */ = {
			isa = PBXGroup;
			children = (
				D2A0694D1E653D2F002DDAB9 /* User.swift */,
				D2A0694F1E6547A1002DDAB9 /* Repository.swift */,
			);
			name = Model;
			sourceTree = "<group>";
		};
		D2889B411E5FD30B00570945 /* View */ = {
			isa = PBXGroup;
			children = (
				D2A069551E655D9D002DDAB9 /* Utils */,
				D26E6A011E6347A500E39A92 /* UserTableViewCell.swift */,
				D2D7228B1E6124FC00C1F208 /* UserTableViewCell.xib */,
				D26E6A031E6347E800E39A92 /* RepositoryTableViewCell.swift */,
				D2D7228D1E61268700C1F208 /* RepositoryTableViewCell.xib */,
			);
			name = View;
			sourceTree = "<group>";
		};
		D2889B421E5FD32B00570945 /* Controller */ = {
			isa = PBXGroup;
			children = (
				38C16E4F1E65528100188373 /* XMainViewController.swift */,
				D2D7228F1E61FA2800C1F208 /* SearchUsersViewController.swift */,
				D26E69F31E62BEB500E39A92 /* SearchRepositoriesViewController.swift */,
			);
			name = Controller;
			sourceTree = "<group>";
		};
		D2889B431E5FD3AC00570945 /* Resource */ = {
			isa = PBXGroup;
			children = (
				D2889B181E5FC73700570945 /* Assets.xcassets */,
				D2889B441E5FD3C600570945 /* Storyboards */,
			);
			name = Resource;
			sourceTree = "<group>";
		};
		D2889B441E5FD3C600570945 /* Storyboards */ = {
			isa = PBXGroup;
			children = (
				D2889B151E5FC73700570945 /* Main.storyboard */,
				D2889B1A1E5FC73700570945 /* LaunchScreen.storyboard */,
			);
			name = Storyboards;
			sourceTree = "<group>";
		};
		D2889B451E5FD4AB00570945 /* SupportingFiles */ = {
			isa = PBXGroup;
			children = (
				D26E69F71E63423300E39A92 /* Challenge_Accepted_GitHub-Bridging-Header.h */,
				D2889B1D1E5FC73700570945 /* Info.plist */,
			);
			name = SupportingFiles;
			sourceTree = "<group>";
		};
		D2889B461E5FD52600570945 /* Provider */ = {
			isa = PBXGroup;
			children = (
				D2889B471E5FD52F00570945 /* Networking */,
			);
			name = Provider;
			sourceTree = "<group>";
		};
		D2889B471E5FD52F00570945 /* Networking */ = {
			isa = PBXGroup;
			children = (
				D2C68B881E62B28F00AFCD6F /* UserRequest.swift */,
				D2C68B8A1E62B2BD00AFCD6F /* RepositoryRequest.swift */,
			);
			name = Networking;
			sourceTree = "<group>";
		};
		D2889B481E5FD81C00570945 /* Infrastructure */ = {
			isa = PBXGroup;
			children = (
				D2889B111E5FC73700570945 /* AppDelegate.swift */,
			);
			name = Infrastructure;
			sourceTree = "<group>";
		};
		D2A069551E655D9D002DDAB9 /* Utils */ = {
			isa = PBXGroup;
			children = (
				38C16E511E6558B900188373 /* UIColors.swift */,
				D27550F71E6593BA00BFAB00 /* NotificationAlertAction.h */,
				D27550F81E6593BA00BFAB00 /* NotificationAlertAction.m */,
			);
			name = Utils;
			path = ../View/Utils;
			sourceTree = "<group>";
		};
/* End PBXGroup section */

/* Begin PBXNativeTarget section */
		D2889B0D1E5FC73700570945 /* Challenge_Accepted_GitHub */ = {
			isa = PBXNativeTarget;
			buildConfigurationList = D2889B361E5FC73800570945 /* Build configuration list for PBXNativeTarget "Challenge_Accepted_GitHub" */;
			buildPhases = (
				D795EC23089A09CD47D853DE /* [CP] Check Pods Manifest.lock */,
				D2889B0A1E5FC73700570945 /* Sources */,
				D2889B0B1E5FC73700570945 /* Frameworks */,
				D2889B0C1E5FC73700570945 /* Resources */,
				7302D21A1D4A6723A2CD8D71 /* [CP] Embed Pods Frameworks */,
				F88F35AC8149A150C433702A /* [CP] Copy Pods Resources */,
			);
			buildRules = (
			);
			dependencies = (
			);
			name = Challenge_Accepted_GitHub;
			productName = Challenge_Accepted_GitHub;
			productReference = D2889B0E1E5FC73700570945 /* Challenge_Accepted_GitHub.app */;
			productType = "com.apple.product-type.application";
		};
		D2889B211E5FC73800570945 /* Challenge_Accepted_GitHubTests */ = {
			isa = PBXNativeTarget;
			buildConfigurationList = D2889B391E5FC73800570945 /* Build configuration list for PBXNativeTarget "Challenge_Accepted_GitHubTests" */;
			buildPhases = (
				0D9C2573361595993C577FDD /* [CP] Check Pods Manifest.lock */,
				D2889B1E1E5FC73800570945 /* Sources */,
				D2889B1F1E5FC73800570945 /* Frameworks */,
				D2889B201E5FC73800570945 /* Resources */,
				5A74FD663C6362F641C14276 /* [CP] Embed Pods Frameworks */,
				C8AFCEE106AF77F2311B3121 /* [CP] Copy Pods Resources */,
			);
			buildRules = (
			);
			dependencies = (
				D2889B241E5FC73800570945 /* PBXTargetDependency */,
			);
			name = Challenge_Accepted_GitHubTests;
			productName = Challenge_Accepted_GitHubTests;
			productReference = D2889B221E5FC73800570945 /* Challenge_Accepted_GitHubTests.xctest */;
			productType = "com.apple.product-type.bundle.unit-test";
		};
		D2889B2C1E5FC73800570945 /* Challenge_Accepted_GitHubUITests */ = {
			isa = PBXNativeTarget;
			buildConfigurationList = D2889B3C1E5FC73800570945 /* Build configuration list for PBXNativeTarget "Challenge_Accepted_GitHubUITests" */;
			buildPhases = (
				827915A37B96CFEC391DEB36 /* [CP] Check Pods Manifest.lock */,
				D2889B291E5FC73800570945 /* Sources */,
				D2889B2A1E5FC73800570945 /* Frameworks */,
				D2889B2B1E5FC73800570945 /* Resources */,
				EED816AA8F185CC5B5D299D3 /* [CP] Embed Pods Frameworks */,
				400B5EC64654E8419CBE627A /* [CP] Copy Pods Resources */,
			);
			buildRules = (
			);
			dependencies = (
				D2889B2F1E5FC73800570945 /* PBXTargetDependency */,
			);
			name = Challenge_Accepted_GitHubUITests;
			productName = Challenge_Accepted_GitHubUITests;
			productReference = D2889B2D1E5FC73800570945 /* Challenge_Accepted_GitHubUITests.xctest */;
			productType = "com.apple.product-type.bundle.ui-testing";
		};
/* End PBXNativeTarget section */

/* Begin PBXProject section */
		D2889B061E5FC73700570945 /* Project object */ = {
			isa = PBXProject;
			attributes = {
				LastSwiftUpdateCheck = 0820;
				LastUpgradeCheck = 0820;
				ORGANIZATIONNAME = "Júlio César Garavelli";
				TargetAttributes = {
					D2889B0D1E5FC73700570945 = {
						CreatedOnToolsVersion = 8.2.1;
						LastSwiftMigration = 0820;
						ProvisioningStyle = Manual;
					};
					D2889B211E5FC73800570945 = {
						CreatedOnToolsVersion = 8.2.1;
						ProvisioningStyle = Manual;
						TestTargetID = D2889B0D1E5FC73700570945;
					};
					D2889B2C1E5FC73800570945 = {
						CreatedOnToolsVersion = 8.2.1;
						ProvisioningStyle = Manual;
						TestTargetID = D2889B0D1E5FC73700570945;
					};
				};
			};
			buildConfigurationList = D2889B091E5FC73700570945 /* Build configuration list for PBXProject "Challenge_Accepted_GitHub" */;
			compatibilityVersion = "Xcode 3.2";
			developmentRegion = English;
			hasScannedForEncodings = 0;
			knownRegions = (
				en,
				Base,
			);
			mainGroup = D2889B051E5FC73700570945;
			productRefGroup = D2889B0F1E5FC73700570945 /* Products */;
			projectDirPath = "";
			projectRoot = "";
			targets = (
				D2889B0D1E5FC73700570945 /* Challenge_Accepted_GitHub */,
				D2889B211E5FC73800570945 /* Challenge_Accepted_GitHubTests */,
				D2889B2C1E5FC73800570945 /* Challenge_Accepted_GitHubUITests */,
			);
		};
/* End PBXProject section */

/* Begin PBXResourcesBuildPhase section */
		D2889B0C1E5FC73700570945 /* Resources */ = {
			isa = PBXResourcesBuildPhase;
			buildActionMask = 2147483647;
			files = (
				D2D7228E1E61268700C1F208 /* RepositoryTableViewCell.xib in Resources */,
				D2889B1C1E5FC73700570945 /* LaunchScreen.storyboard in Resources */,
				D2889B191E5FC73700570945 /* Assets.xcassets in Resources */,
				D2D7228C1E6124FC00C1F208 /* UserTableViewCell.xib in Resources */,
				D2889B171E5FC73700570945 /* Main.storyboard in Resources */,
			);
			runOnlyForDeploymentPostprocessing = 0;
		};
		D2889B201E5FC73800570945 /* Resources */ = {
			isa = PBXResourcesBuildPhase;
			buildActionMask = 2147483647;
			files = (
			);
			runOnlyForDeploymentPostprocessing = 0;
		};
		D2889B2B1E5FC73800570945 /* Resources */ = {
			isa = PBXResourcesBuildPhase;
			buildActionMask = 2147483647;
			files = (
			);
			runOnlyForDeploymentPostprocessing = 0;
		};
/* End PBXResourcesBuildPhase section */

/* Begin PBXShellScriptBuildPhase section */
		0D9C2573361595993C577FDD /* [CP] Check Pods Manifest.lock */ = {
			isa = PBXShellScriptBuildPhase;
			buildActionMask = 2147483647;
			files = (
			);
			inputPaths = (
			);
			name = "[CP] Check Pods Manifest.lock";
			outputPaths = (
			);
			runOnlyForDeploymentPostprocessing = 0;
			shellPath = /bin/sh;
			shellScript = "diff \"${PODS_ROOT}/../Podfile.lock\" \"${PODS_ROOT}/Manifest.lock\" > /dev/null\nif [ $? != 0 ] ; then\n    # print error to STDERR\n    echo \"error: The sandbox is not in sync with the Podfile.lock. Run 'pod install' or update your CocoaPods installation.\" >&2\n    exit 1\nfi\n";
			showEnvVarsInLog = 0;
		};
		400B5EC64654E8419CBE627A /* [CP] Copy Pods Resources */ = {
			isa = PBXShellScriptBuildPhase;
			buildActionMask = 2147483647;
			files = (
			);
			inputPaths = (
			);
			name = "[CP] Copy Pods Resources";
			outputPaths = (
			);
			runOnlyForDeploymentPostprocessing = 0;
			shellPath = /bin/sh;
			shellScript = "\"${SRCROOT}/Pods/Target Support Files/Pods-Challenge_Accepted_GitHubUITests/Pods-Challenge_Accepted_GitHubUITests-resources.sh\"\n";
			showEnvVarsInLog = 0;
		};
		5A74FD663C6362F641C14276 /* [CP] Embed Pods Frameworks */ = {
			isa = PBXShellScriptBuildPhase;
			buildActionMask = 2147483647;
			files = (
			);
			inputPaths = (
			);
			name = "[CP] Embed Pods Frameworks";
			outputPaths = (
			);
			runOnlyForDeploymentPostprocessing = 0;
			shellPath = /bin/sh;
			shellScript = "\"${SRCROOT}/Pods/Target Support Files/Pods-Challenge_Accepted_GitHubTests/Pods-Challenge_Accepted_GitHubTests-frameworks.sh\"\n";
			showEnvVarsInLog = 0;
		};
		7302D21A1D4A6723A2CD8D71 /* [CP] Embed Pods Frameworks */ = {
			isa = PBXShellScriptBuildPhase;
			buildActionMask = 2147483647;
			files = (
			);
			inputPaths = (
			);
			name = "[CP] Embed Pods Frameworks";
			outputPaths = (
			);
			runOnlyForDeploymentPostprocessing = 0;
			shellPath = /bin/sh;
			shellScript = "\"${SRCROOT}/Pods/Target Support Files/Pods-Challenge_Accepted_GitHub/Pods-Challenge_Accepted_GitHub-frameworks.sh\"\n";
			showEnvVarsInLog = 0;
		};
		827915A37B96CFEC391DEB36 /* [CP] Check Pods Manifest.lock */ = {
			isa = PBXShellScriptBuildPhase;
			buildActionMask = 2147483647;
			files = (
			);
			inputPaths = (
			);
			name = "[CP] Check Pods Manifest.lock";
			outputPaths = (
			);
			runOnlyForDeploymentPostprocessing = 0;
			shellPath = /bin/sh;
			shellScript = "diff \"${PODS_ROOT}/../Podfile.lock\" \"${PODS_ROOT}/Manifest.lock\" > /dev/null\nif [ $? != 0 ] ; then\n    # print error to STDERR\n    echo \"error: The sandbox is not in sync with the Podfile.lock. Run 'pod install' or update your CocoaPods installation.\" >&2\n    exit 1\nfi\n";
			showEnvVarsInLog = 0;
		};
		C8AFCEE106AF77F2311B3121 /* [CP] Copy Pods Resources */ = {
			isa = PBXShellScriptBuildPhase;
			buildActionMask = 2147483647;
			files = (
			);
			inputPaths = (
			);
			name = "[CP] Copy Pods Resources";
			outputPaths = (
			);
			runOnlyForDeploymentPostprocessing = 0;
			shellPath = /bin/sh;
			shellScript = "\"${SRCROOT}/Pods/Target Support Files/Pods-Challenge_Accepted_GitHubTests/Pods-Challenge_Accepted_GitHubTests-resources.sh\"\n";
			showEnvVarsInLog = 0;
		};
		D795EC23089A09CD47D853DE /* [CP] Check Pods Manifest.lock */ = {
			isa = PBXShellScriptBuildPhase;
			buildActionMask = 2147483647;
			files = (
			);
			inputPaths = (
			);
			name = "[CP] Check Pods Manifest.lock";
			outputPaths = (
			);
			runOnlyForDeploymentPostprocessing = 0;
			shellPath = /bin/sh;
			shellScript = "diff \"${PODS_ROOT}/../Podfile.lock\" \"${PODS_ROOT}/Manifest.lock\" > /dev/null\nif [ $? != 0 ] ; then\n    # print error to STDERR\n    echo \"error: The sandbox is not in sync with the Podfile.lock. Run 'pod install' or update your CocoaPods installation.\" >&2\n    exit 1\nfi\n";
			showEnvVarsInLog = 0;
		};
		EED816AA8F185CC5B5D299D3 /* [CP] Embed Pods Frameworks */ = {
			isa = PBXShellScriptBuildPhase;
			buildActionMask = 2147483647;
			files = (
			);
			inputPaths = (
			);
			name = "[CP] Embed Pods Frameworks";
			outputPaths = (
			);
			runOnlyForDeploymentPostprocessing = 0;
			shellPath = /bin/sh;
			shellScript = "\"${SRCROOT}/Pods/Target Support Files/Pods-Challenge_Accepted_GitHubUITests/Pods-Challenge_Accepted_GitHubUITests-frameworks.sh\"\n";
			showEnvVarsInLog = 0;
		};
		F88F35AC8149A150C433702A /* [CP] Copy Pods Resources */ = {
			isa = PBXShellScriptBuildPhase;
			buildActionMask = 2147483647;
			files = (
			);
			inputPaths = (
			);
			name = "[CP] Copy Pods Resources";
			outputPaths = (
			);
			runOnlyForDeploymentPostprocessing = 0;
			shellPath = /bin/sh;
			shellScript = "\"${SRCROOT}/Pods/Target Support Files/Pods-Challenge_Accepted_GitHub/Pods-Challenge_Accepted_GitHub-resources.sh\"\n";
			showEnvVarsInLog = 0;
		};
/* End PBXShellScriptBuildPhase section */

/* Begin PBXSourcesBuildPhase section */
		D2889B0A1E5FC73700570945 /* Sources */ = {
			isa = PBXSourcesBuildPhase;
			buildActionMask = 2147483647;
			files = (
				D27550F91E6593BA00BFAB00 /* NotificationAlertAction.m in Sources */,
				38C16E521E6558B900188373 /* UIColors.swift in Sources */,
				D26E6A041E6347E800E39A92 /* RepositoryTableViewCell.swift in Sources */,
				D2889B121E5FC73700570945 /* AppDelegate.swift in Sources */,
				D2D722901E61FA2800C1F208 /* SearchUsersViewController.swift in Sources */,
				D26E6A021E6347A500E39A92 /* UserTableViewCell.swift in Sources */,
				38C16E501E65528100188373 /* XMainViewController.swift in Sources */,
				D2C68B891E62B28F00AFCD6F /* UserRequest.swift in Sources */,
				D26E69F41E62BEB500E39A92 /* SearchRepositoriesViewController.swift in Sources */,
				D2A069501E6547A1002DDAB9 /* Repository.swift in Sources */,
				D2A0694E1E653D2F002DDAB9 /* User.swift in Sources */,
				D2C68B8B1E62B2BD00AFCD6F /* RepositoryRequest.swift in Sources */,
			);
			runOnlyForDeploymentPostprocessing = 0;
		};
		D2889B1E1E5FC73800570945 /* Sources */ = {
			isa = PBXSourcesBuildPhase;
			buildActionMask = 2147483647;
			files = (
				D2889B271E5FC73800570945 /* Challenge_Accepted_GitHubTests.swift in Sources */,
			);
			runOnlyForDeploymentPostprocessing = 0;
		};
		D2889B291E5FC73800570945 /* Sources */ = {
			isa = PBXSourcesBuildPhase;
			buildActionMask = 2147483647;
			files = (
				D2889B321E5FC73800570945 /* Challenge_Accepted_GitHubUITests.swift in Sources */,
			);
			runOnlyForDeploymentPostprocessing = 0;
		};
/* End PBXSourcesBuildPhase section */

/* Begin PBXTargetDependency section */
		D2889B241E5FC73800570945 /* PBXTargetDependency */ = {
			isa = PBXTargetDependency;
			target = D2889B0D1E5FC73700570945 /* Challenge_Accepted_GitHub */;
			targetProxy = D2889B231E5FC73800570945 /* PBXContainerItemProxy */;
		};
		D2889B2F1E5FC73800570945 /* PBXTargetDependency */ = {
			isa = PBXTargetDependency;
			target = D2889B0D1E5FC73700570945 /* Challenge_Accepted_GitHub */;
			targetProxy = D2889B2E1E5FC73800570945 /* PBXContainerItemProxy */;
		};
/* End PBXTargetDependency section */

/* Begin PBXVariantGroup section */
		D2889B151E5FC73700570945 /* Main.storyboard */ = {
			isa = PBXVariantGroup;
			children = (
				D2889B161E5FC73700570945 /* Base */,
			);
			name = Main.storyboard;
			sourceTree = "<group>";
		};
		D2889B1A1E5FC73700570945 /* LaunchScreen.storyboard */ = {
			isa = PBXVariantGroup;
			children = (
				D2889B1B1E5FC73700570945 /* Base */,
			);
			name = LaunchScreen.storyboard;
			sourceTree = "<group>";
		};
/* End PBXVariantGroup section */

/* Begin XCBuildConfiguration section */
		D2889B341E5FC73800570945 /* Debug */ = {
			isa = XCBuildConfiguration;
			buildSettings = {
				ALWAYS_SEARCH_USER_PATHS = NO;
				CLANG_ANALYZER_NONNULL = YES;
				CLANG_CXX_LANGUAGE_STANDARD = "gnu++0x";
				CLANG_CXX_LIBRARY = "libc++";
				CLANG_ENABLE_MODULES = YES;
				CLANG_ENABLE_OBJC_ARC = YES;
				CLANG_WARN_BOOL_CONVERSION = YES;
				CLANG_WARN_CONSTANT_CONVERSION = YES;
				CLANG_WARN_DIRECT_OBJC_ISA_USAGE = YES_ERROR;
				CLANG_WARN_DOCUMENTATION_COMMENTS = YES;
				CLANG_WARN_EMPTY_BODY = YES;
				CLANG_WARN_ENUM_CONVERSION = YES;
				CLANG_WARN_INFINITE_RECURSION = YES;
				CLANG_WARN_INT_CONVERSION = YES;
				CLANG_WARN_OBJC_ROOT_CLASS = YES_ERROR;
				CLANG_WARN_SUSPICIOUS_MOVE = YES;
				CLANG_WARN_UNREACHABLE_CODE = YES;
				CLANG_WARN__DUPLICATE_METHOD_MATCH = YES;
				"CODE_SIGN_IDENTITY[sdk=iphoneos*]" = "iPhone Developer";
				COPY_PHASE_STRIP = NO;
				DEBUG_INFORMATION_FORMAT = dwarf;
				ENABLE_STRICT_OBJC_MSGSEND = YES;
				ENABLE_TESTABILITY = YES;
				GCC_C_LANGUAGE_STANDARD = gnu99;
				GCC_DYNAMIC_NO_PIC = NO;
				GCC_NO_COMMON_BLOCKS = YES;
				GCC_OPTIMIZATION_LEVEL = 0;
				GCC_PREPROCESSOR_DEFINITIONS = (
					"DEBUG=1",
					"$(inherited)",
				);
				GCC_WARN_64_TO_32_BIT_CONVERSION = YES;
				GCC_WARN_ABOUT_RETURN_TYPE = YES_ERROR;
				GCC_WARN_UNDECLARED_SELECTOR = YES;
				GCC_WARN_UNINITIALIZED_AUTOS = YES_AGGRESSIVE;
				GCC_WARN_UNUSED_FUNCTION = YES;
				GCC_WARN_UNUSED_VARIABLE = YES;
				IPHONEOS_DEPLOYMENT_TARGET = 9.0;
				MTL_ENABLE_DEBUG_INFO = YES;
				ONLY_ACTIVE_ARCH = YES;
				SDKROOT = iphoneos;
				SWIFT_ACTIVE_COMPILATION_CONDITIONS = DEBUG;
				SWIFT_OPTIMIZATION_LEVEL = "-Onone";
				TARGETED_DEVICE_FAMILY = "1,2";
			};
			name = Debug;
		};
		D2889B351E5FC73800570945 /* Release */ = {
			isa = XCBuildConfiguration;
			buildSettings = {
				ALWAYS_SEARCH_USER_PATHS = NO;
				CLANG_ANALYZER_NONNULL = YES;
				CLANG_CXX_LANGUAGE_STANDARD = "gnu++0x";
				CLANG_CXX_LIBRARY = "libc++";
				CLANG_ENABLE_MODULES = YES;
				CLANG_ENABLE_OBJC_ARC = YES;
				CLANG_WARN_BOOL_CONVERSION = YES;
				CLANG_WARN_CONSTANT_CONVERSION = YES;
				CLANG_WARN_DIRECT_OBJC_ISA_USAGE = YES_ERROR;
				CLANG_WARN_DOCUMENTATION_COMMENTS = YES;
				CLANG_WARN_EMPTY_BODY = YES;
				CLANG_WARN_ENUM_CONVERSION = YES;
				CLANG_WARN_INFINITE_RECURSION = YES;
				CLANG_WARN_INT_CONVERSION = YES;
				CLANG_WARN_OBJC_ROOT_CLASS = YES_ERROR;
				CLANG_WARN_SUSPICIOUS_MOVE = YES;
				CLANG_WARN_UNREACHABLE_CODE = YES;
				CLANG_WARN__DUPLICATE_METHOD_MATCH = YES;
				"CODE_SIGN_IDENTITY[sdk=iphoneos*]" = "iPhone Developer";
				COPY_PHASE_STRIP = NO;
				DEBUG_INFORMATION_FORMAT = "dwarf-with-dsym";
				ENABLE_NS_ASSERTIONS = NO;
				ENABLE_STRICT_OBJC_MSGSEND = YES;
				GCC_C_LANGUAGE_STANDARD = gnu99;
				GCC_NO_COMMON_BLOCKS = YES;
				GCC_WARN_64_TO_32_BIT_CONVERSION = YES;
				GCC_WARN_ABOUT_RETURN_TYPE = YES_ERROR;
				GCC_WARN_UNDECLARED_SELECTOR = YES;
				GCC_WARN_UNINITIALIZED_AUTOS = YES_AGGRESSIVE;
				GCC_WARN_UNUSED_FUNCTION = YES;
				GCC_WARN_UNUSED_VARIABLE = YES;
				IPHONEOS_DEPLOYMENT_TARGET = 9.0;
				MTL_ENABLE_DEBUG_INFO = NO;
				SDKROOT = iphoneos;
				SWIFT_OPTIMIZATION_LEVEL = "-Owholemodule";
				TARGETED_DEVICE_FAMILY = "1,2";
				VALIDATE_PRODUCT = YES;
			};
			name = Release;
		};
		D2889B371E5FC73800570945 /* Debug */ = {
			isa = XCBuildConfiguration;
			baseConfigurationReference = D5BDEEA1F0C3B7ECACD50CB1 /* Pods-Challenge_Accepted_GitHub.debug.xcconfig */;
			buildSettings = {
				ASSETCATALOG_COMPILER_APPICON_NAME = AppIcon;
				CLANG_ENABLE_MODULES = YES;
				"CODE_SIGN_IDENTITY[sdk=iphoneos*]" = "";
				DEVELOPMENT_TEAM = "";
				INFOPLIST_FILE = "$(SRCROOT)/Challenge_Accepted_GitHub/Info.plist";
				IPHONEOS_DEPLOYMENT_TARGET = 9.0;
				LD_RUNPATH_SEARCH_PATHS = "$(inherited) @executable_path/Frameworks";
				PRODUCT_BUNDLE_IDENTIFIER = com.jcgaravelli.challenge;
				PRODUCT_NAME = "$(TARGET_NAME)";
				SWIFT_OBJC_BRIDGING_HEADER = "Challenge_Accepted_GitHub/Source/Infrastructure/Challenge_Accepted_GitHub-Bridging-Header.h";
				SWIFT_OPTIMIZATION_LEVEL = "-Onone";
				SWIFT_VERSION = 3.0;
			};
			name = Debug;
		};
		D2889B381E5FC73800570945 /* Release */ = {
			isa = XCBuildConfiguration;
			baseConfigurationReference = 3D4DB70EC273357CC132AD9D /* Pods-Challenge_Accepted_GitHub.release.xcconfig */;
			buildSettings = {
				ASSETCATALOG_COMPILER_APPICON_NAME = AppIcon;
				CLANG_ENABLE_MODULES = YES;
				"CODE_SIGN_IDENTITY[sdk=iphoneos*]" = "";
				DEVELOPMENT_TEAM = "";
				INFOPLIST_FILE = "$(SRCROOT)/Challenge_Accepted_GitHub/Info.plist";
				IPHONEOS_DEPLOYMENT_TARGET = 9.0;
				LD_RUNPATH_SEARCH_PATHS = "$(inherited) @executable_path/Frameworks";
				PRODUCT_BUNDLE_IDENTIFIER = com.jcgaravelli.challenge;
				PRODUCT_NAME = "$(TARGET_NAME)";
				SWIFT_OBJC_BRIDGING_HEADER = "Challenge_Accepted_GitHub/Source/Infrastructure/Challenge_Accepted_GitHub-Bridging-Header.h";
				SWIFT_VERSION = 3.0;
			};
			name = Release;
		};
		D2889B3A1E5FC73800570945 /* Debug */ = {
			isa = XCBuildConfiguration;
			baseConfigurationReference = 2434CC076814854EDD925C67 /* Pods-Challenge_Accepted_GitHubTests.debug.xcconfig */;
			buildSettings = {
				ALWAYS_EMBED_SWIFT_STANDARD_LIBRARIES = YES;
				BUNDLE_LOADER = "$(TEST_HOST)";
				"CODE_SIGN_IDENTITY[sdk=iphoneos*]" = "";
				DEVELOPMENT_TEAM = "";
				INFOPLIST_FILE = Challenge_Accepted_GitHubTests/Info.plist;
				LD_RUNPATH_SEARCH_PATHS = "$(inherited) @executable_path/Frameworks @loader_path/Frameworks";
				PRODUCT_BUNDLE_IDENTIFIER = "com.jcgaravelli.Challenge-Accepted-GitHubTests";
				PRODUCT_NAME = "$(TARGET_NAME)";
				SWIFT_VERSION = 3.0;
				TEST_HOST = "$(BUILT_PRODUCTS_DIR)/Challenge_Accepted_GitHub.app/Challenge_Accepted_GitHub";
			};
			name = Debug;
		};
		D2889B3B1E5FC73800570945 /* Release */ = {
			isa = XCBuildConfiguration;
			baseConfigurationReference = 91C16322FD27E218BF64F84D /* Pods-Challenge_Accepted_GitHubTests.release.xcconfig */;
			buildSettings = {
				ALWAYS_EMBED_SWIFT_STANDARD_LIBRARIES = YES;
				BUNDLE_LOADER = "$(TEST_HOST)";
				"CODE_SIGN_IDENTITY[sdk=iphoneos*]" = "";
				DEVELOPMENT_TEAM = "";
				INFOPLIST_FILE = Challenge_Accepted_GitHubTests/Info.plist;
				LD_RUNPATH_SEARCH_PATHS = "$(inherited) @executable_path/Frameworks @loader_path/Frameworks";
				PRODUCT_BUNDLE_IDENTIFIER = "com.jcgaravelli.Challenge-Accepted-GitHubTests";
				PRODUCT_NAME = "$(TARGET_NAME)";
				SWIFT_VERSION = 3.0;
				TEST_HOST = "$(BUILT_PRODUCTS_DIR)/Challenge_Accepted_GitHub.app/Challenge_Accepted_GitHub";
			};
			name = Release;
		};
		D2889B3D1E5FC73800570945 /* Debug */ = {
			isa = XCBuildConfiguration;
			baseConfigurationReference = 6F34AD560710FC42F2D7EDC0 /* Pods-Challenge_Accepted_GitHubUITests.debug.xcconfig */;
			buildSettings = {
				ALWAYS_EMBED_SWIFT_STANDARD_LIBRARIES = YES;
				"CODE_SIGN_IDENTITY[sdk=iphoneos*]" = "";
				DEVELOPMENT_TEAM = "";
				INFOPLIST_FILE = Challenge_Accepted_GitHubUITests/Info.plist;
				LD_RUNPATH_SEARCH_PATHS = "$(inherited) @executable_path/Frameworks @loader_path/Frameworks";
				PRODUCT_BUNDLE_IDENTIFIER = "com.jcgaravelli.Challenge-Accepted-GitHubUITests";
				PRODUCT_NAME = "$(TARGET_NAME)";
				PROVISIONING_PROFILE = "";
				SWIFT_VERSION = 3.0;
				TEST_TARGET_NAME = Challenge_Accepted_GitHub;
			};
			name = Debug;
		};
		D2889B3E1E5FC73800570945 /* Release */ = {
			isa = XCBuildConfiguration;
			baseConfigurationReference = DA80C051927143EAB4E87081 /* Pods-Challenge_Accepted_GitHubUITests.release.xcconfig */;
			buildSettings = {
				ALWAYS_EMBED_SWIFT_STANDARD_LIBRARIES = YES;
				"CODE_SIGN_IDENTITY[sdk=iphoneos*]" = "";
				DEVELOPMENT_TEAM = "";
				INFOPLIST_FILE = Challenge_Accepted_GitHubUITests/Info.plist;
				LD_RUNPATH_SEARCH_PATHS = "$(inherited) @executable_path/Frameworks @loader_path/Frameworks";
				PRODUCT_BUNDLE_IDENTIFIER = "com.jcgaravelli.Challenge-Accepted-GitHubUITests";
				PRODUCT_NAME = "$(TARGET_NAME)";
				PROVISIONING_PROFILE = "";
				SWIFT_VERSION = 3.0;
				TEST_TARGET_NAME = Challenge_Accepted_GitHub;
			};
			name = Release;
		};
/* End XCBuildConfiguration section */

/* Begin XCConfigurationList section */
		D2889B091E5FC73700570945 /* Build configuration list for PBXProject "Challenge_Accepted_GitHub" */ = {
			isa = XCConfigurationList;
			buildConfigurations = (
				D2889B341E5FC73800570945 /* Debug */,
				D2889B351E5FC73800570945 /* Release */,
			);
			defaultConfigurationIsVisible = 0;
			defaultConfigurationName = Release;
		};
		D2889B361E5FC73800570945 /* Build configuration list for PBXNativeTarget "Challenge_Accepted_GitHub" */ = {
			isa = XCConfigurationList;
			buildConfigurations = (
				D2889B371E5FC73800570945 /* Debug */,
				D2889B381E5FC73800570945 /* Release */,
			);
			defaultConfigurationIsVisible = 0;
			defaultConfigurationName = Release;
		};
		D2889B391E5FC73800570945 /* Build configuration list for PBXNativeTarget "Challenge_Accepted_GitHubTests" */ = {
			isa = XCConfigurationList;
			buildConfigurations = (
				D2889B3A1E5FC73800570945 /* Debug */,
				D2889B3B1E5FC73800570945 /* Release */,
			);
			defaultConfigurationIsVisible = 0;
			defaultConfigurationName = Release;
		};
		D2889B3C1E5FC73800570945 /* Build configuration list for PBXNativeTarget "Challenge_Accepted_GitHubUITests" */ = {
			isa = XCConfigurationList;
			buildConfigurations = (
				D2889B3D1E5FC73800570945 /* Debug */,
				D2889B3E1E5FC73800570945 /* Release */,
			);
			defaultConfigurationIsVisible = 0;
			defaultConfigurationName = Release;
		};
/* End XCConfigurationList section */
	};
	rootObject = D2889B061E5FC73700570945 /* Project object */;
}
